
Microsoft Visual Studio Solution File, Format Version 12.00
# Visual Studio Version 16
VisualStudioVersion = 16.0.29209.62
MinimumVisualStudioVersion = 10.0.40219.1
Project("{FAE04EC0-301F-11D3-BF4B-00C04F79EFBC}") = "ConsoleAppLazyLoading", "ConsoleAppLazyLoading\ConsoleAppLazyLoading.csproj", "{23CE69F9-D356-462C-B45D-7ECBB4F1EF80}"
EndProject
Global
	GlobalSection(SolutionConfigurationPlatforms) = preSolution
		Debug|Any CPU = Debug|Any CPU
		Release|Any CPU = Release|Any CPU
	EndGlobalSection
	GlobalSection(ProjectConfigurationPlatforms) = postSolution
		{23CE69F9-D356-462C-B45D-7ECBB4F1EF80}.Debug|Any CPU.ActiveCfg = Debug|Any CPU
		{23CE69F9-D356-462C-B45D-7ECBB4F1EF80}.Debug|Any CPU.Build.0 = Debug|Any CPU
		{23CE69F9-D356-462C-B45D-7ECBB4F1EF80}.Release|Any CPU.ActiveCfg = Release|Any CPU
		{23CE69F9-D356-462C-B45D-7ECBB4F1EF80}.Release|Any CPU.Build.0 = Release|Any CPU
	EndGlobalSection
	GlobalSection(SolutionProperties) = preSolution
		HideSolutionNode = FALSE
	EndGlobalSection
	GlobalSection(ExtensibilityGlobals) = postSolution
		SolutionGuid = {0B0FEDF1-9901-4311-A488-465888539C0B}
	EndGlobalSection
EndGlobal
