
Microsoft Visual Studio Solution File, Format Version 12.00
# Visual Studio Version 16
VisualStudioVersion = 16.0.29123.88
MinimumVisualStudioVersion = 10.0.40219.1
Project("{FAE04EC0-301F-11D3-BF4B-00C04F79EFBC}") = "Pipe1", "Pipe1\Pipe1.csproj", "{F7F5223C-98CA-4782-BBC5-2F4FCF50EB8A}"
EndProject
Global
	GlobalSection(SolutionConfigurationPlatforms) = preSolution
		Debug|Any CPU = Debug|Any CPU
		Release|Any CPU = Release|Any CPU
	EndGlobalSection
	GlobalSection(ProjectConfigurationPlatforms) = postSolution
		{F7F5223C-98CA-4782-BBC5-2F4FCF50EB8A}.Debug|Any CPU.ActiveCfg = Debug|Any CPU
		{F7F5223C-98CA-4782-BBC5-2F4FCF50EB8A}.Debug|Any CPU.Build.0 = Debug|Any CPU
		{F7F5223C-98CA-4782-BBC5-2F4FCF50EB8A}.Release|Any CPU.ActiveCfg = Release|Any CPU
		{F7F5223C-98CA-4782-BBC5-2F4FCF50EB8A}.Release|Any CPU.Build.0 = Release|Any CPU
	EndGlobalSection
	GlobalSection(SolutionProperties) = preSolution
		HideSolutionNode = FALSE
	EndGlobalSection
	GlobalSection(ExtensibilityGlobals) = postSolution
		SolutionGuid = {B0D822C8-AE09-4F14-B61E-8085F0623377}
	EndGlobalSection
EndGlobal
